# THIS IS AN AUTOGENERATED FILE. DO NOT EDIT THIS FILE DIRECTLY.
# yarn lockfile v1


"@redis/bloom@1.2.0":
  version "1.2.0"
  resolved "https://registry.yarnpkg.com/@redis/bloom/-/bloom-1.2.0.tgz#d3fd6d3c0af3ef92f26767b56414a370c7b63b71"
  integrity sha512-HG2DFjYKbpNmVXsa0keLHp/3leGJz1mjh09f2RLGGLQZzSHpkmZWuwJbAvo3QcRY8p80m5+ZdXZdYOSBLlp7Cg==

"@redis/client@1.6.0":
  version "1.6.0"
  resolved "https://registry.yarnpkg.com/@redis/client/-/client-1.6.0.tgz#dcf4ae1319763db6fdddd6de7f0af68a352c30ea"
  integrity sha512-aR0uffYI700OEEH4gYnitAnv3vzVGXCFvYfdpu/CJKvk4pHfLPEy/JSZyrpQ+15WhXe1yJRXLtfQ84s4mEXnPg==
  dependencies:
    cluster-key-slot "1.1.2"
    generic-pool "3.9.0"
    yallist "4.0.0"

"@redis/graph@1.1.1":
  version "1.1.1"
  resolved "https://registry.yarnpkg.com/@redis/graph/-/graph-1.1.1.tgz#8c10df2df7f7d02741866751764031a957a170ea"
  integrity sha512-FEMTcTHZozZciLRl6GiiIB4zGm5z5F3F6a6FZCyrfxdKOhFlGkiAqlexWMBzCi4DcRoyiOsuLfW+cjlGWyExOw==

"@redis/json@1.0.7":
  version "1.0.7"
  resolved "https://registry.yarnpkg.com/@redis/json/-/json-1.0.7.tgz#016257fcd933c4cbcb9c49cde8a0961375c6893b"
  integrity sha512-6UyXfjVaTBTJtKNG4/9Z8PSpKE6XgSyEb8iwaqDcy+uKrd/DGYHTWkUdnQDyzm727V7p21WUMhsqz5oy65kPcQ==

"@redis/search@1.2.0":
  version "1.2.0"
  resolved "https://registry.yarnpkg.com/@redis/search/-/search-1.2.0.tgz#50976fd3f31168f585666f7922dde111c74567b8"
  integrity sha512-tYoDBbtqOVigEDMAcTGsRlMycIIjwMCgD8eR2t0NANeQmgK/lvxNAvYyb6bZDD4frHRhIHkJu2TBRvB0ERkOmw==

"@redis/time-series@1.1.0":
  version "1.1.0"
  resolved "https://registry.yarnpkg.com/@redis/time-series/-/time-series-1.1.0.tgz#cba454c05ec201bd5547aaf55286d44682ac8eb5"
  integrity sha512-c1Q99M5ljsIuc4YdaCwfUEXsofakb9c8+Zse2qxTadu8TalLXuAESzLvFAvNVbkmSlvlzIQOLpBCmWI9wTOt+g==

"@types/bun@1.1.6":
  version "1.1.6"
  resolved "https://registry.yarnpkg.com/@types/bun/-/bun-1.1.6.tgz#90ea30fbbc0391484448acdf84928ab9f1e3f423"
  integrity sha512-uJgKjTdX0GkWEHZzQzFsJkWp5+43ZS7HC8sZPFnOwnSo1AsNl2q9o2bFeS23disNDqbggEgyFkKCHl/w8iZsMA==
  dependencies:
    bun-types "1.1.17"

"@types/node@*":
  version "22.2.0"
  resolved "https://registry.yarnpkg.com/@types/node/-/node-22.2.0.tgz#7cf046a99f0ba4d628ad3088cb21f790df9b0c5b"
  integrity sha512-bm6EG6/pCpkxDf/0gDNDdtDILMOHgaQBVOJGdwsqClnxA3xL6jtMv76rLBc006RVMWbmaf0xbmom4Z/5o2nRkQ==
  dependencies:
    undici-types "~6.13.0"

"@types/node@~20.12.8":
  version "20.12.14"
  resolved "https://registry.yarnpkg.com/@types/node/-/node-20.12.14.tgz#0c5cf7ef26aedfd64b0539bba9380ed1f57dcc77"
  integrity sha512-scnD59RpYD91xngrQQLGkE+6UrHUPzeKZWhhjBSa3HSkwjbQc38+q3RoIVEwxQGRw3M+j5hpNAM+lgV3cVormg==
  dependencies:
    undici-types "~5.26.4"

"@types/ws@~8.5.10":
  version "8.5.12"
  resolved "https://registry.yarnpkg.com/@types/ws/-/ws-8.5.12.tgz#619475fe98f35ccca2a2f6c137702d85ec247b7e"
  integrity sha512-3tPRkv1EtkDpzlgyKyI8pGsGZAGPEaXeu0DOj5DI25Ja91bdAYddYHbADRYVrZMRbfW+1l5YwXVDKohDJNQxkQ==
  dependencies:
    "@types/node" "*"

bun-types@1.1.17:
  version "1.1.17"
  resolved "https://registry.yarnpkg.com/bun-types/-/bun-types-1.1.17.tgz#5a9e1ba32ab0f156db3b4db2bb22187bfd0090e6"
  integrity sha512-Z4+OplcSd/YZq7ZsrfD00DKJeCwuNY96a1IDJyR73+cTBaFIS7SC6LhpY/W3AMEXO9iYq5NJ58WAwnwL1p5vKg==
  dependencies:
    "@types/node" "~20.12.8"
    "@types/ws" "~8.5.10"

cluster-key-slot@1.1.2:
  version "1.1.2"
  resolved "https://registry.yarnpkg.com/cluster-key-slot/-/cluster-key-slot-1.1.2.tgz#88ddaa46906e303b5de30d3153b7d9fe0a0c19ac"
  integrity sha512-RMr0FhtfXemyinomL4hrWcYJxmX6deFdCxpJzhDttxgO1+bcCnkk+9drydLVDmAMG7NE6aN/fl4F7ucU/90gAA==

generic-pool@3.9.0:
  version "3.9.0"
  resolved "https://registry.yarnpkg.com/generic-pool/-/generic-pool-3.9.0.tgz#36f4a678e963f4fdb8707eab050823abc4e8f5e4"
  integrity sha512-hymDOu5B53XvN4QT9dBmZxPX4CWhBPPLguTZ9MMFeFa/Kg0xWVfylOVNlJji/E7yTZWFd/q9GO5TxDLq156D7g==

redis@^4.6.15:
  version "4.7.0"
  resolved "https://registry.yarnpkg.com/redis/-/redis-4.7.0.tgz#b401787514d25dd0cfc22406d767937ba3be55d6"
  integrity sha512-zvmkHEAdGMn+hMRXuMBtu4Vo5P6rHQjLoHftu+lBqq8ZTA3RCVC/WzD790bkKKiNFp7d5/9PcSD19fJyyRvOdQ==
  dependencies:
    "@redis/bloom" "1.2.0"
    "@redis/client" "1.6.0"
    "@redis/graph" "1.1.1"
    "@redis/json" "1.0.7"
    "@redis/search" "1.2.0"
    "@redis/time-series" "1.1.0"

undici-types@~5.26.4:
  version "5.26.5"
  resolved "https://registry.yarnpkg.com/undici-types/-/undici-types-5.26.5.tgz#bcd539893d00b56e964fd2657a4866b221a65617"
  integrity sha512-JlCMO+ehdEIKqlFxk6IfVoAUVmgz7cU7zD/h9XZ0qzeosSHmUJVOzSQvvYSYWXkFXC+IfLKSIffhv0sVZup6pA==

undici-types@~6.13.0:
  version "6.13.0"
  resolved "https://registry.yarnpkg.com/undici-types/-/undici-types-6.13.0.tgz#e3e79220ab8c81ed1496b5812471afd7cf075ea5"
  integrity sha512-xtFJHudx8S2DSoujjMd1WeWvn7KKWFRESZTMeL1RptAYERu29D6jphMjjY+vn96jvN3kVPDNxU/E13VTaXj6jg==

yallist@4.0.0:
  version "4.0.0"
  resolved "https://registry.yarnpkg.com/yallist/-/yallist-4.0.0.tgz#9bb92790d9c0effec63be73519e11a35019a3a72"
  integrity sha512-3wdGidZyq5PB084XLES5TpOSRA3wjXAlIWMhum2kRcv/41Sn2emQ0dycQW4uZXLejwKvg6EsvbdlVL+FYEct7A==
